
Microsoft Visual Studio Solution File, Format Version 12.00
# Visual Studio 2012
Project("{FAE04EC0-301F-11D3-BF4B-00C04F79EFBC}") = "GameEngine", "GameEngine\GameEngine.csproj", "{3F533D8B-91EA-4EBC-8BD9-F4F9923821D3}"
EndProject
Global
	GlobalSection(SolutionConfigurationPlatforms) = preSolution
		Debug|x86 = Debug|x86
		Release|x86 = Release|x86
	EndGlobalSection
	GlobalSection(ProjectConfigurationPlatforms) = postSolution
		{3F533D8B-91EA-4EBC-8BD9-F4F9923821D3}.Debug|x86.ActiveCfg = Debug|x86
		{3F533D8B-91EA-4EBC-8BD9-F4F9923821D3}.Debug|x86.Build.0 = Debug|x86
		{3F533D8B-91EA-4EBC-8BD9-F4F9923821D3}.Release|x86.ActiveCfg = Release|x86
		{3F533D8B-91EA-4EBC-8BD9-F4F9923821D3}.Release|x86.Build.0 = Release|x86
	EndGlobalSection
	GlobalSection(SolutionProperties) = preSolution
		HideSolutionNode = FALSE
	EndGlobalSection
EndGlobal
